
Microsoft Visual Studio Solution File, Format Version 12.00
# Visual Studio Version 17
VisualStudioVersion = 17.14.36518.9 d17.14
MinimumVisualStudioVersion = 10.0.40219.1
Project("{FAE04EC0-301F-11D3-BF4B-00C04F79EFBC}") = "16.Generic Types, Collections", "16.Generic Types, Collections.csproj", "{9BEB6AE7-B764-4135-ABA8-FE34EE3A69E4}"
EndProject
Global
	GlobalSection(SolutionConfigurationPlatforms) = preSolution
		Debug|Any CPU = Debug|Any CPU
		Release|Any CPU = Release|Any CPU
	EndGlobalSection
	GlobalSection(ProjectConfigurationPlatforms) = postSolution
		{9BEB6AE7-B764-4135-ABA8-FE34EE3A69E4}.Debug|Any CPU.ActiveCfg = Debug|Any CPU
		{9BEB6AE7-B764-4135-ABA8-FE34EE3A69E4}.Debug|Any CPU.Build.0 = Debug|Any CPU
		{9BEB6AE7-B764-4135-ABA8-FE34EE3A69E4}.Release|Any CPU.ActiveCfg = Release|Any CPU
		{9BEB6AE7-B764-4135-ABA8-FE34EE3A69E4}.Release|Any CPU.Build.0 = Release|Any CPU
	EndGlobalSection
	GlobalSection(SolutionProperties) = preSolution
		HideSolutionNode = FALSE
	EndGlobalSection
	GlobalSection(ExtensibilityGlobals) = postSolution
		SolutionGuid = {321986AC-7D32-4680-AC4D-E1ABA08A9862}
	EndGlobalSection
EndGlobal
