
Microsoft Visual Studio Solution File, Format Version 12.00
# Visual Studio Version 17
VisualStudioVersion = 17.14.36518.9 d17.14
MinimumVisualStudioVersion = 10.0.40219.1
Project("{FAE04EC0-301F-11D3-BF4B-00C04F79EFBC}") = "13-NullableEnumStruct", "13-NullableEnumStruct.csproj", "{46E6FB65-8AE0-4128-BA4B-7D09221F8507}"
EndProject
Global
	GlobalSection(SolutionConfigurationPlatforms) = preSolution
		Debug|Any CPU = Debug|Any CPU
		Release|Any CPU = Release|Any CPU
	EndGlobalSection
	GlobalSection(ProjectConfigurationPlatforms) = postSolution
		{46E6FB65-8AE0-4128-BA4B-7D09221F8507}.Debug|Any CPU.ActiveCfg = Debug|Any CPU
		{46E6FB65-8AE0-4128-BA4B-7D09221F8507}.Debug|Any CPU.Build.0 = Debug|Any CPU
		{46E6FB65-8AE0-4128-BA4B-7D09221F8507}.Release|Any CPU.ActiveCfg = Release|Any CPU
		{46E6FB65-8AE0-4128-BA4B-7D09221F8507}.Release|Any CPU.Build.0 = Release|Any CPU
	EndGlobalSection
	GlobalSection(SolutionProperties) = preSolution
		HideSolutionNode = FALSE
	EndGlobalSection
	GlobalSection(ExtensibilityGlobals) = postSolution
		SolutionGuid = {C0FAD988-682A-4EFF-BCBB-27C72DAFB0CA}
	EndGlobalSection
EndGlobal
