
Microsoft Visual Studio Solution File, Format Version 12.00
# Visual Studio Version 17
VisualStudioVersion = 17.14.36518.9 d17.14
MinimumVisualStudioVersion = 10.0.40219.1
Project("{FAE04EC0-301F-11D3-BF4B-00C04F79EFBC}") = "14-StatiClassExtensionMethodsExceptions", "14-StatiClassExtensionMethodsExceptions.csproj", "{57605787-42C7-4500-8396-B0921B2B34FC}"
EndProject
Global
	GlobalSection(SolutionConfigurationPlatforms) = preSolution
		Debug|Any CPU = Debug|Any CPU
		Release|Any CPU = Release|Any CPU
	EndGlobalSection
	GlobalSection(ProjectConfigurationPlatforms) = postSolution
		{57605787-42C7-4500-8396-B0921B2B34FC}.Debug|Any CPU.ActiveCfg = Debug|Any CPU
		{57605787-42C7-4500-8396-B0921B2B34FC}.Debug|Any CPU.Build.0 = Debug|Any CPU
		{57605787-42C7-4500-8396-B0921B2B34FC}.Release|Any CPU.ActiveCfg = Release|Any CPU
		{57605787-42C7-4500-8396-B0921B2B34FC}.Release|Any CPU.Build.0 = Release|Any CPU
	EndGlobalSection
	GlobalSection(SolutionProperties) = preSolution
		HideSolutionNode = FALSE
	EndGlobalSection
	GlobalSection(ExtensibilityGlobals) = postSolution
		SolutionGuid = {3BFF858F-F818-442F-9D7F-DCC36745358A}
	EndGlobalSection
EndGlobal
