
Microsoft Visual Studio Solution File, Format Version 12.00
# Visual Studio Version 17
VisualStudioVersion = 17.14.36518.9 d17.14
MinimumVisualStudioVersion = 10.0.40219.1
Project("{FAE04EC0-301F-11D3-BF4B-00C04F79EFBC}") = "15.Upcasting and Downcasting, Explicit and Implicit,Finalize (Destructor)", "15.Upcasting and Downcasting, Explicit and Implicit,Finalize (Destructor).csproj", "{4EE36AC1-6352-4364-8CC3-A368F361ABA5}"
EndProject
Global
	GlobalSection(SolutionConfigurationPlatforms) = preSolution
		Debug|Any CPU = Debug|Any CPU
		Release|Any CPU = Release|Any CPU
	EndGlobalSection
	GlobalSection(ProjectConfigurationPlatforms) = postSolution
		{4EE36AC1-6352-4364-8CC3-A368F361ABA5}.Debug|Any CPU.ActiveCfg = Debug|Any CPU
		{4EE36AC1-6352-4364-8CC3-A368F361ABA5}.Debug|Any CPU.Build.0 = Debug|Any CPU
		{4EE36AC1-6352-4364-8CC3-A368F361ABA5}.Release|Any CPU.ActiveCfg = Release|Any CPU
		{4EE36AC1-6352-4364-8CC3-A368F361ABA5}.Release|Any CPU.Build.0 = Release|Any CPU
	EndGlobalSection
	GlobalSection(SolutionProperties) = preSolution
		HideSolutionNode = FALSE
	EndGlobalSection
	GlobalSection(ExtensibilityGlobals) = postSolution
		SolutionGuid = {75B548C0-D9A5-4C9A-B5AE-5B8D8B7B75A3}
	EndGlobalSection
EndGlobal
