
Microsoft Visual Studio Solution File, Format Version 12.00
# Visual Studio Version 17
VisualStudioVersion = 17.14.36518.9 d17.14
MinimumVisualStudioVersion = 10.0.40219.1
Project("{FAE04EC0-301F-11D3-BF4B-00C04F79EFBC}") = "12.Interface, Abstraction, Static Members", "12.Interface, Abstraction, Static Members.csproj", "{BBC16C4E-C94B-42CB-842B-8E11AAA40D57}"
EndProject
Global
	GlobalSection(SolutionConfigurationPlatforms) = preSolution
		Debug|Any CPU = Debug|Any CPU
		Release|Any CPU = Release|Any CPU
	EndGlobalSection
	GlobalSection(ProjectConfigurationPlatforms) = postSolution
		{BBC16C4E-C94B-42CB-842B-8E11AAA40D57}.Debug|Any CPU.ActiveCfg = Debug|Any CPU
		{BBC16C4E-C94B-42CB-842B-8E11AAA40D57}.Debug|Any CPU.Build.0 = Debug|Any CPU
		{BBC16C4E-C94B-42CB-842B-8E11AAA40D57}.Release|Any CPU.ActiveCfg = Release|Any CPU
		{BBC16C4E-C94B-42CB-842B-8E11AAA40D57}.Release|Any CPU.Build.0 = Release|Any CPU
	EndGlobalSection
	GlobalSection(SolutionProperties) = preSolution
		HideSolutionNode = FALSE
	EndGlobalSection
	GlobalSection(ExtensibilityGlobals) = postSolution
		SolutionGuid = {787232FC-76FC-4080-A165-9A4261AAE5F2}
	EndGlobalSection
EndGlobal
